// !$*UTF8*$!
{
	archiveVersion = 1;
	classes = {
	};
	objectVersion = 50;
	objects = {

/* Begin PBXBuildFile section */
		78B6B11E24F38CDD0038FFEB /* AppDelegate.swift in Sources */ = {isa = PBXBuildFile; fileRef = 78B6B11D24F38CDD0038FFEB /* AppDelegate.swift */; };
		78B6B12024F38CDD0038FFEB /* SceneDelegate.swift in Sources */ = {isa = PBXBuildFile; fileRef = 78B6B11F24F38CDD0038FFEB /* SceneDelegate.swift */; };
		78B6B12224F38CDD0038FFEB /* ViewController.swift in Sources */ = {isa = PBXBuildFile; fileRef = 78B6B12124F38CDD0038FFEB /* ViewController.swift */; };
		78B6B12524F38CDD0038FFEB /* Main.storyboard in Resources */ = {isa = PBXBuildFile; fileRef = 78B6B12324F38CDD0038FFEB /* Main.storyboard */; };
		78B6B12724F38CE10038FFEB /* Assets.xcassets in Resources */ = {isa = PBXBuildFile; fileRef = 78B6B12624F38CE10038FFEB /* Assets.xcassets */; };
		78B6B12A24F38CE10038FFEB /* LaunchScreen.storyboard in Resources */ = {isa = PBXBuildFile; fileRef = 78B6B12824F38CE10038FFEB /* LaunchScreen.storyboard */; };
/* End PBXBuildFile section */

/* Begin PBXFileReference section */
		78B6B11A24F38CDD0038FFEB /* HM_2.2.app */ = {isa = PBXFileReference; explicitFileType = wrapper.application; includeInIndex = 0; path = HM_2.2.app; sourceTree = BUILT_PRODUCTS_DIR; };
		78B6B11D24F38CDD0038FFEB /* AppDelegate.swift */ = {isa = PBXFileReference; lastKnownFileType = sourcecode.swift; path = AppDelegate.swift; sourceTree = "<group>"; };
		78B6B11F24F38CDD0038FFEB /* SceneDelegate.swift */ = {isa = PBXFileReference; lastKnownFileType = sourcecode.swift; path = SceneDelegate.swift; sourceTree = "<group>"; };
		78B6B12124F38CDD0038FFEB /* ViewController.swift */ = {isa = PBXFileReference; lastKnownFileType = sourcecode.swift; path = ViewController.swift; sourceTree = "<group>"; };
		78B6B12424F38CDD0038FFEB /* Base */ = {isa = PBXFileReference; lastKnownFileType = file.storyboard; name = Base; path = Base.lproj/Main.storyboard; sourceTree = "<group>"; };
		78B6B12624F38CE10038FFEB /* Assets.xcassets */ = {isa = PBXFileReference; lastKnownFileType = folder.assetcatalog; path = Assets.xcassets; sourceTree = "<group>"; };
		78B6B12924F38CE10038FFEB /* Base */ = {isa = PBXFileReference; lastKnownFileType = file.storyboard; name = Base; path = Base.lproj/LaunchScreen.storyboard; sourceTree = "<group>"; };
		78B6B12B24F38CE10038FFEB /* Info.plist */ = {isa = PBXFileReference; lastKnownFileType = text.plist.xml; path = Info.plist; sourceTree = "<group>"; };
/* End PBXFileReference section */

/* Begin PBXFrameworksBuildPhase section */
		78B6B11724F38CDD0038FFEB /* Frameworks */ = {
			isa = PBXFrameworksBuildPhase;
			buildActionMask = 2147483647;
			files = (
			);
			runOnlyForDeploymentPostprocessing = 0;
		};
/* End PBXFrameworksBuildPhase section */

/* Begin PBXGroup section */
		78B6B11124F38CDD0038FFEB = {
			isa = PBXGroup;
			children = (
				78B6B11C24F38CDD0038FFEB /* HM_2.2 */,
				78B6B11B24F38CDD0038FFEB /* Products */,
			);
			sourceTree = "<group>";
		};
		78B6B11B24F38CDD0038FFEB /* Products */ = {
			isa = PBXGroup;
			children = (
				78B6B11A24F38CDD0038FFEB /* HM_2.2.app */,
			);
			name = Products;
			sourceTree = "<group>";
		};
		78B6B11C24F38CDD0038FFEB /* HM_2.2 */ = {
			isa = PBXGroup;
			children = (
				78B6B11D24F38CDD0038FFEB /* AppDelegate.swift */,
				78B6B11F24F38CDD0038FFEB /* SceneDelegate.swift */,
				78B6B12124F38CDD0038FFEB /* ViewController.swift */,
				78B6B12324F38CDD0038FFEB /* Main.storyboard */,
				78B6B12624F38CE10038FFEB /* Assets.xcassets */,
				78B6B12824F38CE10038FFEB /* LaunchScreen.storyboard */,
				78B6B12B24F38CE10038FFEB /* Info.plist */,
			);
			path = HM_2.2;
			sourceTree = "<group>";
		};
/* End PBXGroup section */

/* Begin PBXNativeTarget section */
		78B6B11924F38CDD0038FFEB /* HM_2.2 */ = {
			isa = PBXNativeTarget;
			buildConfigurationList = 78B6B12E24F38CE10038FFEB /* Build configuration list for PBXNativeTarget "HM_2.2" */;
			buildPhases = (
				78B6B11624F38CDD0038FFEB /* Sources */,
				78B6B11724F38CDD0038FFEB /* Frameworks */,
				78B6B11824F38CDD0038FFEB /* Resources */,
			);
			buildRules = (
			);
			dependencies = (
			);
			name = HM_2.2;
			productName = HM_2.2;
			productReference = 78B6B11A24F38CDD0038FFEB /* HM_2.2.app */;
			productType = "com.apple.product-type.application";
		};
/* End PBXNativeTarget section */

/* Begin PBXProject section */
		78B6B11224F38CDD0038FFEB /* Project object */ = {
			isa = PBXProject;
			attributes = {
				LastSwiftUpdateCheck = 1160;
				LastUpgradeCheck = 1160;
				ORGANIZATIONNAME = "Елена Лазука";
				TargetAttributes = {
					78B6B11924F38CDD0038FFEB = {
						CreatedOnToolsVersion = 11.6;
					};
				};
			};
			buildConfigurationList = 78B6B11524F38CDD0038FFEB /* Build configuration list for PBXProject "HM_2.2" */;
			compatibilityVersion = "Xcode 9.3";
			developmentRegion = en;
			hasScannedForEncodings = 0;
			knownRegions = (
				en,
				Base,
			);
			mainGroup = 78B6B11124F38CDD0038FFEB;
			productRefGroup = 78B6B11B24F38CDD0038FFEB /* Products */;
			projectDirPath = "";
			projectRoot = "";
			targets = (
				78B6B11924F38CDD0038FFEB /* HM_2.2 */,
			);
		};
/* End PBXProject section */

/* Begin PBXResourcesBuildPhase section */
		78B6B11824F38CDD0038FFEB /* Resources */ = {
			isa = PBXResourcesBuildPhase;
			buildActionMask = 2147483647;
			files = (
				78B6B12A24F38CE10038FFEB /* LaunchScreen.storyboard in Resources */,
				78B6B12724F38CE10038FFEB /* Assets.xcassets in Resources */,
				78B6B12524F38CDD0038FFEB /* Main.storyboard in Resources */,
			);
			runOnlyForDeploymentPostprocessing = 0;
		};
/* End PBXResourcesBuildPhase section */

/* Begin PBXSourcesBuildPhase section */
		78B6B11624F38CDD0038FFEB /* Sources */ = {
			isa = PBXSourcesBuildPhase;
			buildActionMask = 2147483647;
			files = (
				78B6B12224F38CDD0038FFEB /* ViewController.swift in Sources */,
				78B6B11E24F38CDD0038FFEB /* AppDelegate.swift in Sources */,
				78B6B12024F38CDD0038FFEB /* SceneDelegate.swift in Sources */,
			);
			runOnlyForDeploymentPostprocessing = 0;
		};
/* End PBXSourcesBuildPhase section */

/* Begin PBXVariantGroup section */
		78B6B12324F38CDD0038FFEB /* Main.storyboard */ = {
			isa = PBXVariantGroup;
			children = (
				78B6B12424F38CDD0038FFEB /* Base */,
			);
			name = Main.storyboard;
			sourceTree = "<group>";
		};
		78B6B12824F38CE10038FFEB /* LaunchScreen.storyboard */ = {
			isa = PBXVariantGroup;
			children = (
				78B6B12924F38CE10038FFEB /* Base */,
			);
			name = LaunchScreen.storyboard;
			sourceTree = "<group>";
		};
/* End PBXVariantGroup section */

/* Begin XCBuildConfiguration section */
		78B6B12C24F38CE10038FFEB /* Debug */ = {
			isa = XCBuildConfiguration;
			buildSettings = {
				ALWAYS_SEARCH_USER_PATHS = NO;
				CLANG_ANALYZER_NONNULL = YES;
				CLANG_ANALYZER_NUMBER_OBJECT_CONVERSION = YES_AGGRESSIVE;
				CLANG_CXX_LANGUAGE_STANDARD = "gnu++14";
				CLANG_CXX_LIBRARY = "libc++";
				CLANG_ENABLE_MODULES = YES;
				CLANG_ENABLE_OBJC_ARC = YES;
				CLANG_ENABLE_OBJC_WEAK = YES;
				CLANG_WARN_BLOCK_CAPTURE_AUTORELEASING = YES;
				CLANG_WARN_BOOL_CONVERSION = YES;
				CLANG_WARN_COMMA = YES;
				CLANG_WARN_CONSTANT_CONVERSION = YES;
				CLANG_WARN_DEPRECATED_OBJC_IMPLEMENTATIONS = YES;
				CLANG_WARN_DIRECT_OBJC_ISA_USAGE = YES_ERROR;
				CLANG_WARN_DOCUMENTATION_COMMENTS = YES;
				CLANG_WARN_EMPTY_BODY = YES;
				CLANG_WARN_ENUM_CONVERSION = YES;
				CLANG_WARN_INFINITE_RECURSION = YES;
				CLANG_WARN_INT_CONVERSION = YES;
				CLANG_WARN_NON_LITERAL_NULL_CONVERSION = YES;
				CLANG_WARN_OBJC_IMPLICIT_RETAIN_SELF = YES;
				CLANG_WARN_OBJC_LITERAL_CONVERSION = YES;
				CLANG_WARN_OBJC_ROOT_CLASS = YES_ERROR;
				CLANG_WARN_RANGE_LOOP_ANALYSIS = YES;
				CLANG_WARN_STRICT_PROTOTYPES = YES;
				CLANG_WARN_SUSPICIOUS_MOVE = YES;
				CLANG_WARN_UNGUARDED_AVAILABILITY = YES_AGGRESSIVE;
				CLANG_WARN_UNREACHABLE_CODE = YES;
				CLANG_WARN__DUPLICATE_METHOD_MATCH = YES;
				COPY_PHASE_STRIP = NO;
				DEBUG_INFORMATION_FORMAT = dwarf;
				ENABLE_STRICT_OBJC_MSGSEND = YES;
				ENABLE_TESTABILITY = YES;
				GCC_C_LANGUAGE_STANDARD = gnu11;
				GCC_DYNAMIC_NO_PIC = NO;
				GCC_NO_COMMON_BLOCKS = YES;
				GCC_OPTIMIZATION_LEVEL = 0;
				GCC_PREPROCESSOR_DEFINITIONS = (
					"DEBUG=1",
					"$(inherited)",
				);
				GCC_WARN_64_TO_32_BIT_CONVERSION = YES;
				GCC_WARN_ABOUT_RETURN_TYPE = YES_ERROR;
				GCC_WARN_UNDECLARED_SELECTOR = YES;
				GCC_WARN_UNINITIALIZED_AUTOS = YES_AGGRESSIVE;
				GCC_WARN_UNUSED_FUNCTION = YES;
				GCC_WARN_UNUSED_VARIABLE = YES;
				IPHONEOS_DEPLOYMENT_TARGET = 13.6;
				MTL_ENABLE_DEBUG_INFO = INCLUDE_SOURCE;
				MTL_FAST_MATH = YES;
				ONLY_ACTIVE_ARCH = YES;
				SDKROOT = iphoneos;
				SWIFT_ACTIVE_COMPILATION_CONDITIONS = DEBUG;
				SWIFT_OPTIMIZATION_LEVEL = "-Onone";
			};
			name = Debug;
		};
		78B6B12D24F38CE10038FFEB /* Release */ = {
			isa = XCBuildConfiguration;
			buildSettings = {
				ALWAYS_SEARCH_USER_PATHS = NO;
				CLANG_ANALYZER_NONNULL = YES;
				CLANG_ANALYZER_NUMBER_OBJECT_CONVERSION = YES_AGGRESSIVE;
				CLANG_CXX_LANGUAGE_STANDARD = "gnu++14";
				CLANG_CXX_LIBRARY = "libc++";
				CLANG_ENABLE_MODULES = YES;
				CLANG_ENABLE_OBJC_ARC = YES;
				CLANG_ENABLE_OBJC_WEAK = YES;
				CLANG_WARN_BLOCK_CAPTURE_AUTORELEASING = YES;
				CLANG_WARN_BOOL_CONVERSION = YES;
				CLANG_WARN_COMMA = YES;
				CLANG_WARN_CONSTANT_CONVERSION = YES;
				CLANG_WARN_DEPRECATED_OBJC_IMPLEMENTATIONS = YES;
				CLANG_WARN_DIRECT_OBJC_ISA_USAGE = YES_ERROR;
				CLANG_WARN_DOCUMENTATION_COMMENTS = YES;
				CLANG_WARN_EMPTY_BODY = YES;
				CLANG_WARN_ENUM_CONVERSION = YES;
				CLANG_WARN_INFINITE_RECURSION = YES;
				CLANG_WARN_INT_CONVERSION = YES;
				CLANG_WARN_NON_LITERAL_NULL_CONVERSION = YES;
				CLANG_WARN_OBJC_IMPLICIT_RETAIN_SELF = YES;
				CLANG_WARN_OBJC_LITERAL_CONVERSION = YES;
				CLANG_WARN_OBJC_ROOT_CLASS = YES_ERROR;
				CLANG_WARN_RANGE_LOOP_ANALYSIS = YES;
				CLANG_WARN_STRICT_PROTOTYPES = YES;
				CLANG_WARN_SUSPICIOUS_MOVE = YES;
				CLANG_WARN_UNGUARDED_AVAILABILITY = YES_AGGRESSIVE;
				CLANG_WARN_UNREACHABLE_CODE = YES;
				CLANG_WARN__DUPLICATE_METHOD_MATCH = YES;
				COPY_PHASE_STRIP = NO;
				DEBUG_INFORMATION_FORMAT = "dwarf-with-dsym";
				ENABLE_NS_ASSERTIONS = NO;
				ENABLE_STRICT_OBJC_MSGSEND = YES;
				GCC_C_LANGUAGE_STANDARD = gnu11;
				GCC_NO_COMMON_BLOCKS = YES;
				GCC_WARN_64_TO_32_BIT_CONVERSION = YES;
				GCC_WARN_ABOUT_RETURN_TYPE = YES_ERROR;
				GCC_WARN_UNDECLARED_SELECTOR = YES;
				GCC_WARN_UNINITIALIZED_AUTOS = YES_AGGRESSIVE;
				GCC_WARN_UNUSED_FUNCTION = YES;
				GCC_WARN_UNUSED_VARIABLE = YES;
				IPHONEOS_DEPLOYMENT_TARGET = 13.6;
				MTL_ENABLE_DEBUG_INFO = NO;
				MTL_FAST_MATH = YES;
				SDKROOT = iphoneos;
				SWIFT_COMPILATION_MODE = wholemodule;
				SWIFT_OPTIMIZATION_LEVEL = "-O";
				VALIDATE_PRODUCT = YES;
			};
			name = Release;
		};
		78B6B12F24F38CE10038FFEB /* Debug */ = {
			isa = XCBuildConfiguration;
			buildSettings = {
				ASSETCATALOG_COMPILER_APPICON_NAME = AppIcon;
				CODE_SIGN_STYLE = Automatic;
				DEVELOPMENT_TEAM = 85W6242Y3L;
				INFOPLIST_FILE = HM_2.2/Info.plist;
				LD_RUNPATH_SEARCH_PATHS = (
					"$(inherited)",
					"@executable_path/Frameworks",
				);
				PRODUCT_BUNDLE_IDENTIFIER = "com.lazukaelena.FunFacts.HM-2-2";
				PRODUCT_NAME = "$(TARGET_NAME)";
				SWIFT_VERSION = 5.0;
				TARGETED_DEVICE_FAMILY = "1,2";
			};
			name = Debug;
		};
		78B6B13024F38CE10038FFEB /* Release */ = {
			isa = XCBuildConfiguration;
			buildSettings = {
				ASSETCATALOG_COMPILER_APPICON_NAME = AppIcon;
				CODE_SIGN_STYLE = Automatic;
				DEVELOPMENT_TEAM = 85W6242Y3L;
				INFOPLIST_FILE = HM_2.2/Info.plist;
				LD_RUNPATH_SEARCH_PATHS = (
					"$(inherited)",
					"@executable_path/Frameworks",
				);
				PRODUCT_BUNDLE_IDENTIFIER = "com.lazukaelena.FunFacts.HM-2-2";
				PRODUCT_NAME = "$(TARGET_NAME)";
				SWIFT_VERSION = 5.0;
				TARGETED_DEVICE_FAMILY = "1,2";
			};
			name = Release;
		};
/* End XCBuildConfiguration section */

/* Begin XCConfigurationList section */
		78B6B11524F38CDD0038FFEB /* Build configuration list for PBXProject "HM_2.2" */ = {
			isa = XCConfigurationList;
			buildConfigurations = (
				78B6B12C24F38CE10038FFEB /* Debug */,
				78B6B12D24F38CE10038FFEB /* Release */,
			);
			defaultConfigurationIsVisible = 0;
			defaultConfigurationName = Release;
		};
		78B6B12E24F38CE10038FFEB /* Build configuration list for PBXNativeTarget "HM_2.2" */ = {
			isa = XCConfigurationList;
			buildConfigurations = (
				78B6B12F24F38CE10038FFEB /* Debug */,
				78B6B13024F38CE10038FFEB /* Release */,
			);
			defaultConfigurationIsVisible = 0;
			defaultConfigurationName = Release;
		};
/* End XCConfigurationList section */
	};
	rootObject = 78B6B11224F38CDD0038FFEB /* Project object */;
}
